
Microsoft Visual Studio Solution File, Format Version 12.00
# Visual Studio 15
VisualStudioVersion = 15.0.28307.329
MinimumVisualStudioVersion = 10.0.40219.1
Project("{FAE04EC0-301F-11D3-BF4B-00C04F79EFBC}") = "MathQuiz02", "MathQuiz02\MathQuiz02.csproj", "{3EBF0A25-F3A6-4C99-ADBE-9C675F8413DF}"
EndProject
Global
	GlobalSection(SolutionConfigurationPlatforms) = preSolution
		Debug|Any CPU = Debug|Any CPU
		Release|Any CPU = Release|Any CPU
	EndGlobalSection
	GlobalSection(ProjectConfigurationPlatforms) = postSolution
		{3EBF0A25-F3A6-4C99-ADBE-9C675F8413DF}.Debug|Any CPU.ActiveCfg = Debug|Any CPU
		{3EBF0A25-F3A6-4C99-ADBE-9C675F8413DF}.Debug|Any CPU.Build.0 = Debug|Any CPU
		{3EBF0A25-F3A6-4C99-ADBE-9C675F8413DF}.Release|Any CPU.ActiveCfg = Release|Any CPU
		{3EBF0A25-F3A6-4C99-ADBE-9C675F8413DF}.Release|Any CPU.Build.0 = Release|Any CPU
	EndGlobalSection
	GlobalSection(SolutionProperties) = preSolution
		HideSolutionNode = FALSE
	EndGlobalSection
	GlobalSection(ExtensibilityGlobals) = postSolution
		SolutionGuid = {37548322-72CF-41AA-B58E-F3BCED60ABCE}
	EndGlobalSection
EndGlobal
